
Microsoft Visual Studio Solution File, Format Version 12.00
# Visual Studio Version 16
VisualStudioVersion = 16.0.30907.101
MinimumVisualStudioVersion = 10.0.40219.1
Project("{FAE04EC0-301F-11D3-BF4B-00C04F79EFBC}") = "Lab1", "Lab1\Lab1.csproj", "{58E858D2-B547-47FD-AB53-1B447720DFD2}"
EndProject
Project("{FAE04EC0-301F-11D3-BF4B-00C04F79EFBC}") = "Lab1b", "Lab1b\Lab1b.csproj", "{E2941986-999E-4F90-BE15-D93972E57872}"
EndProject
Project("{FAE04EC0-301F-11D3-BF4B-00C04F79EFBC}") = "Lab1a-client", "Lab1a-client\Lab1a-client.csproj", "{51238ADD-EE08-4C5B-B991-2F616626A05A}"
EndProject
Project("{FAE04EC0-301F-11D3-BF4B-00C04F79EFBC}") = "Lab4", "Lab4\Lab4.csproj", "{0539F27C-8F01-46D8-A02D-6A2D63E01ABA}"
EndProject
Project("{FAE04EC0-301F-11D3-BF4B-00C04F79EFBC}") = "Lab5a", "Lab5a\Lab5a\Lab5a.csproj", "{5F4034DF-879D-4B4F-896D-0535CA5DEBA6}"
EndProject
Project("{FAE04EC0-301F-11D3-BF4B-00C04F79EFBC}") = "Lab5b", "Lab5b\Lab5b\Lab5b.csproj", "{708ED117-982D-412D-A69E-497356E44C14}"
EndProject
Project("{FAE04EC0-301F-11D3-BF4B-00C04F79EFBC}") = "Lab6_JSONLibrary", "Lab6_JSONLibrary\Lab6_JSONLibrary.csproj", "{3C5EA67A-1365-474E-86D5-2FDF97E9AF0D}"
EndProject
Project("{FAE04EC0-301F-11D3-BF4B-00C04F79EFBC}") = "Sandbox", "Sandbox\Sandbox.csproj", "{BD8F0F88-7A56-4C8A-9AD4-8B7E2EC33420}"
EndProject
Project("{FAE04EC0-301F-11D3-BF4B-00C04F79EFBC}") = "Lab6_EntityLibrary", "Lab6_EntityLibrary\Lab6_EntityLibrary.csproj", "{359E9D45-A668-471D-8F80-563452AC2608}"
EndProject
Project("{FAE04EC0-301F-11D3-BF4B-00C04F79EFBC}") = "Infrastructure", "Infrastructure\Infrastructure.csproj", "{B66A66AF-FEC8-46DC-85BA-B35184157BF0}"
EndProject
Global
	GlobalSection(SolutionConfigurationPlatforms) = preSolution
		Debug|Any CPU = Debug|Any CPU
		Release|Any CPU = Release|Any CPU
	EndGlobalSection
	GlobalSection(ProjectConfigurationPlatforms) = postSolution
		{58E858D2-B547-47FD-AB53-1B447720DFD2}.Debug|Any CPU.ActiveCfg = Debug|Any CPU
		{58E858D2-B547-47FD-AB53-1B447720DFD2}.Debug|Any CPU.Build.0 = Debug|Any CPU
		{58E858D2-B547-47FD-AB53-1B447720DFD2}.Release|Any CPU.ActiveCfg = Release|Any CPU
		{58E858D2-B547-47FD-AB53-1B447720DFD2}.Release|Any CPU.Build.0 = Release|Any CPU
		{E2941986-999E-4F90-BE15-D93972E57872}.Debug|Any CPU.ActiveCfg = Debug|Any CPU
		{E2941986-999E-4F90-BE15-D93972E57872}.Debug|Any CPU.Build.0 = Debug|Any CPU
		{E2941986-999E-4F90-BE15-D93972E57872}.Release|Any CPU.ActiveCfg = Release|Any CPU
		{E2941986-999E-4F90-BE15-D93972E57872}.Release|Any CPU.Build.0 = Release|Any CPU
		{51238ADD-EE08-4C5B-B991-2F616626A05A}.Debug|Any CPU.ActiveCfg = Debug|Any CPU
		{51238ADD-EE08-4C5B-B991-2F616626A05A}.Debug|Any CPU.Build.0 = Debug|Any CPU
		{51238ADD-EE08-4C5B-B991-2F616626A05A}.Release|Any CPU.ActiveCfg = Release|Any CPU
		{51238ADD-EE08-4C5B-B991-2F616626A05A}.Release|Any CPU.Build.0 = Release|Any CPU
		{0539F27C-8F01-46D8-A02D-6A2D63E01ABA}.Debug|Any CPU.ActiveCfg = Debug|Any CPU
		{0539F27C-8F01-46D8-A02D-6A2D63E01ABA}.Debug|Any CPU.Build.0 = Debug|Any CPU
		{0539F27C-8F01-46D8-A02D-6A2D63E01ABA}.Release|Any CPU.ActiveCfg = Release|Any CPU
		{0539F27C-8F01-46D8-A02D-6A2D63E01ABA}.Release|Any CPU.Build.0 = Release|Any CPU
		{5F4034DF-879D-4B4F-896D-0535CA5DEBA6}.Debug|Any CPU.ActiveCfg = Debug|Any CPU
		{5F4034DF-879D-4B4F-896D-0535CA5DEBA6}.Debug|Any CPU.Build.0 = Debug|Any CPU
		{5F4034DF-879D-4B4F-896D-0535CA5DEBA6}.Release|Any CPU.ActiveCfg = Release|Any CPU
		{5F4034DF-879D-4B4F-896D-0535CA5DEBA6}.Release|Any CPU.Build.0 = Release|Any CPU
		{708ED117-982D-412D-A69E-497356E44C14}.Debug|Any CPU.ActiveCfg = Debug|Any CPU
		{708ED117-982D-412D-A69E-497356E44C14}.Debug|Any CPU.Build.0 = Debug|Any CPU
		{708ED117-982D-412D-A69E-497356E44C14}.Release|Any CPU.ActiveCfg = Release|Any CPU
		{708ED117-982D-412D-A69E-497356E44C14}.Release|Any CPU.Build.0 = Release|Any CPU
		{3C5EA67A-1365-474E-86D5-2FDF97E9AF0D}.Debug|Any CPU.ActiveCfg = Debug|Any CPU
		{3C5EA67A-1365-474E-86D5-2FDF97E9AF0D}.Debug|Any CPU.Build.0 = Debug|Any CPU
		{3C5EA67A-1365-474E-86D5-2FDF97E9AF0D}.Release|Any CPU.ActiveCfg = Release|Any CPU
		{3C5EA67A-1365-474E-86D5-2FDF97E9AF0D}.Release|Any CPU.Build.0 = Release|Any CPU
		{BD8F0F88-7A56-4C8A-9AD4-8B7E2EC33420}.Debug|Any CPU.ActiveCfg = Debug|Any CPU
		{BD8F0F88-7A56-4C8A-9AD4-8B7E2EC33420}.Debug|Any CPU.Build.0 = Debug|Any CPU
		{BD8F0F88-7A56-4C8A-9AD4-8B7E2EC33420}.Release|Any CPU.ActiveCfg = Release|Any CPU
		{BD8F0F88-7A56-4C8A-9AD4-8B7E2EC33420}.Release|Any CPU.Build.0 = Release|Any CPU
		{359E9D45-A668-471D-8F80-563452AC2608}.Debug|Any CPU.ActiveCfg = Debug|Any CPU
		{359E9D45-A668-471D-8F80-563452AC2608}.Debug|Any CPU.Build.0 = Debug|Any CPU
		{359E9D45-A668-471D-8F80-563452AC2608}.Release|Any CPU.ActiveCfg = Release|Any CPU
		{359E9D45-A668-471D-8F80-563452AC2608}.Release|Any CPU.Build.0 = Release|Any CPU
		{B66A66AF-FEC8-46DC-85BA-B35184157BF0}.Debug|Any CPU.ActiveCfg = Debug|Any CPU
		{B66A66AF-FEC8-46DC-85BA-B35184157BF0}.Debug|Any CPU.Build.0 = Debug|Any CPU
		{B66A66AF-FEC8-46DC-85BA-B35184157BF0}.Release|Any CPU.ActiveCfg = Release|Any CPU
		{B66A66AF-FEC8-46DC-85BA-B35184157BF0}.Release|Any CPU.Build.0 = Release|Any CPU
	EndGlobalSection
	GlobalSection(SolutionProperties) = preSolution
		HideSolutionNode = FALSE
	EndGlobalSection
	GlobalSection(ExtensibilityGlobals) = postSolution
		SolutionGuid = {8F4D4026-A9DE-4503-A877-B77F7F7B4B23}
	EndGlobalSection
EndGlobal
