
Microsoft Visual Studio Solution File, Format Version 12.00
# Visual Studio Version 16
VisualStudioVersion = 16.0.31005.135
MinimumVisualStudioVersion = 10.0.40219.1
Project("{FAE04EC0-301F-11D3-BF4B-00C04F79EFBC}") = "Lab5a", "Lab5a\Lab5a.csproj", "{5F4034DF-879D-4B4F-896D-0535CA5DEBA6}"
EndProject
Global
	GlobalSection(SolutionConfigurationPlatforms) = preSolution
		Debug|Any CPU = Debug|Any CPU
		Release|Any CPU = Release|Any CPU
	EndGlobalSection
	GlobalSection(ProjectConfigurationPlatforms) = postSolution
		{5F4034DF-879D-4B4F-896D-0535CA5DEBA6}.Debug|Any CPU.ActiveCfg = Debug|Any CPU
		{5F4034DF-879D-4B4F-896D-0535CA5DEBA6}.Debug|Any CPU.Build.0 = Debug|Any CPU
		{5F4034DF-879D-4B4F-896D-0535CA5DEBA6}.Release|Any CPU.ActiveCfg = Release|Any CPU
		{5F4034DF-879D-4B4F-896D-0535CA5DEBA6}.Release|Any CPU.Build.0 = Release|Any CPU
	EndGlobalSection
	GlobalSection(SolutionProperties) = preSolution
		HideSolutionNode = FALSE
	EndGlobalSection
	GlobalSection(ExtensibilityGlobals) = postSolution
		SolutionGuid = {945EE2FF-4C8B-4CE6-A8AF-E86EFF838812}
	EndGlobalSection
EndGlobal
